
Microsoft Visual Studio Solution File, Format Version 12.00
# Visual Studio Version 17
VisualStudioVersion = 17.2.32526.322
MinimumVisualStudioVersion = 10.0.40219.1
Project("{9A19103F-16F7-4668-BE54-9A1E7A4F7556}") = "MyPortfolioWebsite", "MyPortfolioWebsite.csproj", "{11CFEA30-D733-4725-8931-BB534576DCDC}"
EndProject
Project("{2150E333-8FDC-42A3-9474-1A3956D46DE8}") = "Solution Items", "Solution Items", "{8A8C184E-9E8E-48E7-9820-50C7A41D44DF}"
	ProjectSection(SolutionItems) = preProject
		.editorconfig = .editorconfig
	EndProjectSection
EndProject
Global
	GlobalSection(SolutionConfigurationPlatforms) = preSolution
		Debug|Any CPU = Debug|Any CPU
		Release|Any CPU = Release|Any CPU
	EndGlobalSection
	GlobalSection(ProjectConfigurationPlatforms) = postSolution
		{11CFEA30-D733-4725-8931-BB534576DCDC}.Debug|Any CPU.ActiveCfg = Debug|Any CPU
		{11CFEA30-D733-4725-8931-BB534576DCDC}.Debug|Any CPU.Build.0 = Debug|Any CPU
		{11CFEA30-D733-4725-8931-BB534576DCDC}.Release|Any CPU.ActiveCfg = Release|Any CPU
		{11CFEA30-D733-4725-8931-BB534576DCDC}.Release|Any CPU.Build.0 = Release|Any CPU
	EndGlobalSection
	GlobalSection(SolutionProperties) = preSolution
		HideSolutionNode = FALSE
	EndGlobalSection
	GlobalSection(ExtensibilityGlobals) = postSolution
		SolutionGuid = {A790D761-334A-4CE7-AC00-62FC64F0B225}
	EndGlobalSection
EndGlobal
